// !$*UTF8*$!
{
	archiveVersion = 1;
	classes = {
	};
	objectVersion = 46;
	objects = {

/* Begin PBXBuildFile section */
		95155F4A1E67CE0F0011B710 /* AppDelegate.swift in Sources */ = {isa = PBXBuildFile; fileRef = 95155F491E67CE0F0011B710 /* AppDelegate.swift */; };
		95155F4C1E67CE0F0011B710 /* ViewController.swift in Sources */ = {isa = PBXBuildFile; fileRef = 95155F4B1E67CE0F0011B710 /* ViewController.swift */; };
		95155F4F1E67CE0F0011B710 /* Main.storyboard in Resources */ = {isa = PBXBuildFile; fileRef = 95155F4D1E67CE0F0011B710 /* Main.storyboard */; };
		95155F511E67CE0F0011B710 /* Assets.xcassets in Resources */ = {isa = PBXBuildFile; fileRef = 95155F501E67CE0F0011B710 /* Assets.xcassets */; };
		95155F541E67CE0F0011B710 /* LaunchScreen.storyboard in Resources */ = {isa = PBXBuildFile; fileRef = 95155F521E67CE0F0011B710 /* LaunchScreen.storyboard */; };
		95155F5F1E67CE0F0011B710 /* TipCalculatorTests.swift in Sources */ = {isa = PBXBuildFile; fileRef = 95155F5E1E67CE0F0011B710 /* TipCalculatorTests.swift */; };
		95155F6A1E67CE0F0011B710 /* TipCalculatorUITests.swift in Sources */ = {isa = PBXBuildFile; fileRef = 95155F691E67CE0F0011B710 /* TipCalculatorUITests.swift */; };
		95155F781E67E8DF0011B710 /* SettingsViewController.swift in Sources */ = {isa = PBXBuildFile; fileRef = 95155F771E67E8DF0011B710 /* SettingsViewController.swift */; };
/* End PBXBuildFile section */

/* Begin PBXContainerItemProxy section */
		95155F5B1E67CE0F0011B710 /* PBXContainerItemProxy */ = {
			isa = PBXContainerItemProxy;
			containerPortal = 95155F3E1E67CE0F0011B710 /* Project object */;
			proxyType = 1;
			remoteGlobalIDString = 95155F451E67CE0F0011B710;
			remoteInfo = TipCalculator;
		};
		95155F661E67CE0F0011B710 /* PBXContainerItemProxy */ = {
			isa = PBXContainerItemProxy;
			containerPortal = 95155F3E1E67CE0F0011B710 /* Project object */;
			proxyType = 1;
			remoteGlobalIDString = 95155F451E67CE0F0011B710;
			remoteInfo = TipCalculator;
		};
/* End PBXContainerItemProxy section */

/* Begin PBXFileReference section */
		95155F461E67CE0F0011B710 /* TipCalculator.app */ = {isa = PBXFileReference; explicitFileType = wrapper.application; includeInIndex = 0; path = TipCalculator.app; sourceTree = BUILT_PRODUCTS_DIR; };
		95155F491E67CE0F0011B710 /* AppDelegate.swift */ = {isa = PBXFileReference; lastKnownFileType = sourcecode.swift; path = AppDelegate.swift; sourceTree = "<group>"; };
		95155F4B1E67CE0F0011B710 /* ViewController.swift */ = {isa = PBXFileReference; lastKnownFileType = sourcecode.swift; path = ViewController.swift; sourceTree = "<group>"; };
		95155F4E1E67CE0F0011B710 /* Base */ = {isa = PBXFileReference; lastKnownFileType = file.storyboard; name = Base; path = Base.lproj/Main.storyboard; sourceTree = "<group>"; };
		95155F501E67CE0F0011B710 /* Assets.xcassets */ = {isa = PBXFileReference; lastKnownFileType = folder.assetcatalog; path = Assets.xcassets; sourceTree = "<group>"; };
		95155F531E67CE0F0011B710 /* Base */ = {isa = PBXFileReference; lastKnownFileType = file.storyboard; name = Base; path = Base.lproj/LaunchScreen.storyboard; sourceTree = "<group>"; };
		95155F551E67CE0F0011B710 /* Info.plist */ = {isa = PBXFileReference; lastKnownFileType = text.plist.xml; path = Info.plist; sourceTree = "<group>"; };
		95155F5A1E67CE0F0011B710 /* TipCalculatorTests.xctest */ = {isa = PBXFileReference; explicitFileType = wrapper.cfbundle; includeInIndex = 0; path = TipCalculatorTests.xctest; sourceTree = BUILT_PRODUCTS_DIR; };
		95155F5E1E67CE0F0011B710 /* TipCalculatorTests.swift */ = {isa = PBXFileReference; lastKnownFileType = sourcecode.swift; path = TipCalculatorTests.swift; sourceTree = "<group>"; };
		95155F601E67CE0F0011B710 /* Info.plist */ = {isa = PBXFileReference; lastKnownFileType = text.plist.xml; path = Info.plist; sourceTree = "<group>"; };
		95155F651E67CE0F0011B710 /* TipCalculatorUITests.xctest */ = {isa = PBXFileReference; explicitFileType = wrapper.cfbundle; includeInIndex = 0; path = TipCalculatorUITests.xctest; sourceTree = BUILT_PRODUCTS_DIR; };
		95155F691E67CE0F0011B710 /* TipCalculatorUITests.swift */ = {isa = PBXFileReference; lastKnownFileType = sourcecode.swift; path = TipCalculatorUITests.swift; sourceTree = "<group>"; };
		95155F6B1E67CE0F0011B710 /* Info.plist */ = {isa = PBXFileReference; lastKnownFileType = text.plist.xml; path = Info.plist; sourceTree = "<group>"; };
		95155F771E67E8DF0011B710 /* SettingsViewController.swift */ = {isa = PBXFileReference; fileEncoding = 4; lastKnownFileType = sourcecode.swift; path = SettingsViewController.swift; sourceTree = "<group>"; };
/* End PBXFileReference section */

/* Begin PBXFrameworksBuildPhase section */
		95155F431E67CE0F0011B710 /* Frameworks */ = {
			isa = PBXFrameworksBuildPhase;
			buildActionMask = 2147483647;
			files = (
			);
			runOnlyForDeploymentPostprocessing = 0;
		};
		95155F571E67CE0F0011B710 /* Frameworks */ = {
			isa = PBXFrameworksBuildPhase;
			buildActionMask = 2147483647;
			files = (
			);
			runOnlyForDeploymentPostprocessing = 0;
		};
		95155F621E67CE0F0011B710 /* Frameworks */ = {
			isa = PBXFrameworksBuildPhase;
			buildActionMask = 2147483647;
			files = (
			);
			runOnlyForDeploymentPostprocessing = 0;
		};
/* End PBXFrameworksBuildPhase section */

/* Begin PBXGroup section */
		95155F3D1E67CE0F0011B710 = {
			isa = PBXGroup;
			children = (
				95155F481E67CE0F0011B710 /* TipCalculator */,
				95155F5D1E67CE0F0011B710 /* TipCalculatorTests */,
				95155F681E67CE0F0011B710 /* TipCalculatorUITests */,
				95155F471E67CE0F0011B710 /* Products */,
			);
			sourceTree = "<group>";
		};
		95155F471E67CE0F0011B710 /* Products */ = {
			isa = PBXGroup;
			children = (
				95155F461E67CE0F0011B710 /* TipCalculator.app */,
				95155F5A1E67CE0F0011B710 /* TipCalculatorTests.xctest */,
				95155F651E67CE0F0011B710 /* TipCalculatorUITests.xctest */,
			);
			name = Products;
			sourceTree = "<group>";
		};
		95155F481E67CE0F0011B710 /* TipCalculator */ = {
			isa = PBXGroup;
			children = (
				95155F491E67CE0F0011B710 /* AppDelegate.swift */,
				95155F4B1E67CE0F0011B710 /* ViewController.swift */,
				95155F4D1E67CE0F0011B710 /* Main.storyboard */,
				95155F771E67E8DF0011B710 /* SettingsViewController.swift */,
				95155F501E67CE0F0011B710 /* Assets.xcassets */,
				95155F521E67CE0F0011B710 /* LaunchScreen.storyboard */,
				95155F551E67CE0F0011B710 /* Info.plist */,
			);
			path = TipCalculator;
			sourceTree = "<group>";
		};
		95155F5D1E67CE0F0011B710 /* TipCalculatorTests */ = {
			isa = PBXGroup;
			children = (
				95155F5E1E67CE0F0011B710 /* TipCalculatorTests.swift */,
				95155F601E67CE0F0011B710 /* Info.plist */,
			);
			path = TipCalculatorTests;
			sourceTree = "<group>";
		};
		95155F681E67CE0F0011B710 /* TipCalculatorUITests */ = {
			isa = PBXGroup;
			children = (
				95155F691E67CE0F0011B710 /* TipCalculatorUITests.swift */,
				95155F6B1E67CE0F0011B710 /* Info.plist */,
			);
			path = TipCalculatorUITests;
			sourceTree = "<group>";
		};
/* End PBXGroup section */

/* Begin PBXNativeTarget section */
		95155F451E67CE0F0011B710 /* TipCalculator */ = {
			isa = PBXNativeTarget;
			buildConfigurationList = 95155F6E1E67CE0F0011B710 /* Build configuration list for PBXNativeTarget "TipCalculator" */;
			buildPhases = (
				95155F421E67CE0F0011B710 /* Sources */,
				95155F431E67CE0F0011B710 /* Frameworks */,
				95155F441E67CE0F0011B710 /* Resources */,
			);
			buildRules = (
			);
			dependencies = (
			);
			name = TipCalculator;
			productName = TipCalculator;
			productReference = 95155F461E67CE0F0011B710 /* TipCalculator.app */;
			productType = "com.apple.product-type.application";
		};
		95155F591E67CE0F0011B710 /* TipCalculatorTests */ = {
			isa = PBXNativeTarget;
			buildConfigurationList = 95155F711E67CE0F0011B710 /* Build configuration list for PBXNativeTarget "TipCalculatorTests" */;
			buildPhases = (
				95155F561E67CE0F0011B710 /* Sources */,
				95155F571E67CE0F0011B710 /* Frameworks */,
				95155F581E67CE0F0011B710 /* Resources */,
			);
			buildRules = (
			);
			dependencies = (
				95155F5C1E67CE0F0011B710 /* PBXTargetDependency */,
			);
			name = TipCalculatorTests;
			productName = TipCalculatorTests;
			productReference = 95155F5A1E67CE0F0011B710 /* TipCalculatorTests.xctest */;
			productType = "com.apple.product-type.bundle.unit-test";
		};
		95155F641E67CE0F0011B710 /* TipCalculatorUITests */ = {
			isa = PBXNativeTarget;
			buildConfigurationList = 95155F741E67CE0F0011B710 /* Build configuration list for PBXNativeTarget "TipCalculatorUITests" */;
			buildPhases = (
				95155F611E67CE0F0011B710 /* Sources */,
				95155F621E67CE0F0011B710 /* Frameworks */,
				95155F631E67CE0F0011B710 /* Resources */,
			);
			buildRules = (
			);
			dependencies = (
				95155F671E67CE0F0011B710 /* PBXTargetDependency */,
			);
			name = TipCalculatorUITests;
			productName = TipCalculatorUITests;
			productReference = 95155F651E67CE0F0011B710 /* TipCalculatorUITests.xctest */;
			productType = "com.apple.product-type.bundle.ui-testing";
		};
/* End PBXNativeTarget section */

/* Begin PBXProject section */
		95155F3E1E67CE0F0011B710 /* Project object */ = {
			isa = PBXProject;
			attributes = {
				LastSwiftUpdateCheck = 0820;
				LastUpgradeCheck = 0820;
				ORGANIZATIONNAME = "Tung Dang";
				TargetAttributes = {
					95155F451E67CE0F0011B710 = {
						CreatedOnToolsVersion = 8.2.1;
						DevelopmentTeam = D9N4CTZPJN;
						ProvisioningStyle = Automatic;
					};
					95155F591E67CE0F0011B710 = {
						CreatedOnToolsVersion = 8.2.1;
						DevelopmentTeam = D9N4CTZPJN;
						ProvisioningStyle = Automatic;
						TestTargetID = 95155F451E67CE0F0011B710;
					};
					95155F641E67CE0F0011B710 = {
						CreatedOnToolsVersion = 8.2.1;
						DevelopmentTeam = D9N4CTZPJN;
						ProvisioningStyle = Automatic;
						TestTargetID = 95155F451E67CE0F0011B710;
					};
				};
			};
			buildConfigurationList = 95155F411E67CE0F0011B710 /* Build configuration list for PBXProject "TipCalculator" */;
			compatibilityVersion = "Xcode 3.2";
			developmentRegion = English;
			hasScannedForEncodings = 0;
			knownRegions = (
				en,
				Base,
			);
			mainGroup = 95155F3D1E67CE0F0011B710;
			productRefGroup = 95155F471E67CE0F0011B710 /* Products */;
			projectDirPath = "";
			projectRoot = "";
			targets = (
				95155F451E67CE0F0011B710 /* TipCalculator */,
				95155F591E67CE0F0011B710 /* TipCalculatorTests */,
				95155F641E67CE0F0011B710 /* TipCalculatorUITests */,
			);
		};
/* End PBXProject section */

/* Begin PBXResourcesBuildPhase section */
		95155F441E67CE0F0011B710 /* Resources */ = {
			isa = PBXResourcesBuildPhase;
			buildActionMask = 2147483647;
			files = (
				95155F541E67CE0F0011B710 /* LaunchScreen.storyboard in Resources */,
				95155F511E67CE0F0011B710 /* Assets.xcassets in Resources */,
				95155F4F1E67CE0F0011B710 /* Main.storyboard in Resources */,
			);
			runOnlyForDeploymentPostprocessing = 0;
		};
		95155F581E67CE0F0011B710 /* Resources */ = {
			isa = PBXResourcesBuildPhase;
			buildActionMask = 2147483647;
			files = (
			);
			runOnlyForDeploymentPostprocessing = 0;
		};
		95155F631E67CE0F0011B710 /* Resources */ = {
			isa = PBXResourcesBuildPhase;
			buildActionMask = 2147483647;
			files = (
			);
			runOnlyForDeploymentPostprocessing = 0;
		};
/* End PBXResourcesBuildPhase section */

/* Begin PBXSourcesBuildPhase section */
		95155F421E67CE0F0011B710 /* Sources */ = {
			isa = PBXSourcesBuildPhase;
			buildActionMask = 2147483647;
			files = (
				95155F4C1E67CE0F0011B710 /* ViewController.swift in Sources */,
				95155F4A1E67CE0F0011B710 /* AppDelegate.swift in Sources */,
				95155F781E67E8DF0011B710 /* SettingsViewController.swift in Sources */,
			);
			runOnlyForDeploymentPostprocessing = 0;
		};
		95155F561E67CE0F0011B710 /* Sources */ = {
			isa = PBXSourcesBuildPhase;
			buildActionMask = 2147483647;
			files = (
				95155F5F1E67CE0F0011B710 /* TipCalculatorTests.swift in Sources */,
			);
			runOnlyForDeploymentPostprocessing = 0;
		};
		95155F611E67CE0F0011B710 /* Sources */ = {
			isa = PBXSourcesBuildPhase;
			buildActionMask = 2147483647;
			files = (
				95155F6A1E67CE0F0011B710 /* TipCalculatorUITests.swift in Sources */,
			);
			runOnlyForDeploymentPostprocessing = 0;
		};
/* End PBXSourcesBuildPhase section */

/* Begin PBXTargetDependency section */
		95155F5C1E67CE0F0011B710 /* PBXTargetDependency */ = {
			isa = PBXTargetDependency;
			target = 95155F451E67CE0F0011B710 /* TipCalculator */;
			targetProxy = 95155F5B1E67CE0F0011B710 /* PBXContainerItemProxy */;
		};
		95155F671E67CE0F0011B710 /* PBXTargetDependency */ = {
			isa = PBXTargetDependency;
			target = 95155F451E67CE0F0011B710 /* TipCalculator */;
			targetProxy = 95155F661E67CE0F0011B710 /* PBXContainerItemProxy */;
		};
/* End PBXTargetDependency section */

/* Begin PBXVariantGroup section */
		95155F4D1E67CE0F0011B710 /* Main.storyboard */ = {
			isa = PBXVariantGroup;
			children = (
				95155F4E1E67CE0F0011B710 /* Base */,
			);
			name = Main.storyboard;
			sourceTree = "<group>";
		};
		95155F521E67CE0F0011B710 /* LaunchScreen.storyboard */ = {
			isa = PBXVariantGroup;
			children = (
				95155F531E67CE0F0011B710 /* Base */,
			);
			name = LaunchScreen.storyboard;
			sourceTree = "<group>";
		};
/* End PBXVariantGroup section */

/* Begin XCBuildConfiguration section */
		95155F6C1E67CE0F0011B710 /* Debug */ = {
			isa = XCBuildConfiguration;
			buildSettings = {
				ALWAYS_SEARCH_USER_PATHS = NO;
				CLANG_ANALYZER_NONNULL = YES;
				CLANG_CXX_LANGUAGE_STANDARD = "gnu++0x";
				CLANG_CXX_LIBRARY = "libc++";
				CLANG_ENABLE_MODULES = YES;
				CLANG_ENABLE_OBJC_ARC = YES;
				CLANG_WARN_BOOL_CONVERSION = YES;
				CLANG_WARN_CONSTANT_CONVERSION = YES;
				CLANG_WARN_DIRECT_OBJC_ISA_USAGE = YES_ERROR;
				CLANG_WARN_DOCUMENTATION_COMMENTS = YES;
				CLANG_WARN_EMPTY_BODY = YES;
				CLANG_WARN_ENUM_CONVERSION = YES;
				CLANG_WARN_INFINITE_RECURSION = YES;
				CLANG_WARN_INT_CONVERSION = YES;
				CLANG_WARN_OBJC_ROOT_CLASS = YES_ERROR;
				CLANG_WARN_SUSPICIOUS_MOVE = YES;
				CLANG_WARN_UNREACHABLE_CODE = YES;
				CLANG_WARN__DUPLICATE_METHOD_MATCH = YES;
				"CODE_SIGN_IDENTITY[sdk=iphoneos*]" = "iPhone Developer";
				COPY_PHASE_STRIP = NO;
				DEBUG_INFORMATION_FORMAT = dwarf;
				ENABLE_STRICT_OBJC_MSGSEND = YES;
				ENABLE_TESTABILITY = YES;
				GCC_C_LANGUAGE_STANDARD = gnu99;
				GCC_DYNAMIC_NO_PIC = NO;
				GCC_NO_COMMON_BLOCKS = YES;
				GCC_OPTIMIZATION_LEVEL = 0;
				GCC_PREPROCESSOR_DEFINITIONS = (
					"DEBUG=1",
					"$(inherited)",
				);
				GCC_WARN_64_TO_32_BIT_CONVERSION = YES;
				GCC_WARN_ABOUT_RETURN_TYPE = YES_ERROR;
				GCC_WARN_UNDECLARED_SELECTOR = YES;
				GCC_WARN_UNINITIALIZED_AUTOS = YES_AGGRESSIVE;
				GCC_WARN_UNUSED_FUNCTION = YES;
				GCC_WARN_UNUSED_VARIABLE = YES;
				IPHONEOS_DEPLOYMENT_TARGET = 10.2;
				MTL_ENABLE_DEBUG_INFO = YES;
				ONLY_ACTIVE_ARCH = YES;
				SDKROOT = iphoneos;
				SWIFT_ACTIVE_COMPILATION_CONDITIONS = DEBUG;
				SWIFT_OPTIMIZATION_LEVEL = "-Onone";
			};
			name = Debug;
		};
		95155F6D1E67CE0F0011B710 /* Release */ = {
			isa = XCBuildConfiguration;
			buildSettings = {
				ALWAYS_SEARCH_USER_PATHS = NO;
				CLANG_ANALYZER_NONNULL = YES;
				CLANG_CXX_LANGUAGE_STANDARD = "gnu++0x";
				CLANG_CXX_LIBRARY = "libc++";
				CLANG_ENABLE_MODULES = YES;
				CLANG_ENABLE_OBJC_ARC = YES;
				CLANG_WARN_BOOL_CONVERSION = YES;
				CLANG_WARN_CONSTANT_CONVERSION = YES;
				CLANG_WARN_DIRECT_OBJC_ISA_USAGE = YES_ERROR;
				CLANG_WARN_DOCUMENTATION_COMMENTS = YES;
				CLANG_WARN_EMPTY_BODY = YES;
				CLANG_WARN_ENUM_CONVERSION = YES;
				CLANG_WARN_INFINITE_RECURSION = YES;
				CLANG_WARN_INT_CONVERSION = YES;
				CLANG_WARN_OBJC_ROOT_CLASS = YES_ERROR;
				CLANG_WARN_SUSPICIOUS_MOVE = YES;
				CLANG_WARN_UNREACHABLE_CODE = YES;
				CLANG_WARN__DUPLICATE_METHOD_MATCH = YES;
				"CODE_SIGN_IDENTITY[sdk=iphoneos*]" = "iPhone Developer";
				COPY_PHASE_STRIP = NO;
				DEBUG_INFORMATION_FORMAT = "dwarf-with-dsym";
				ENABLE_NS_ASSERTIONS = NO;
				ENABLE_STRICT_OBJC_MSGSEND = YES;
				GCC_C_LANGUAGE_STANDARD = gnu99;
				GCC_NO_COMMON_BLOCKS = YES;
				GCC_WARN_64_TO_32_BIT_CONVERSION = YES;
				GCC_WARN_ABOUT_RETURN_TYPE = YES_ERROR;
				GCC_WARN_UNDECLARED_SELECTOR = YES;
				GCC_WARN_UNINITIALIZED_AUTOS = YES_AGGRESSIVE;
				GCC_WARN_UNUSED_FUNCTION = YES;
				GCC_WARN_UNUSED_VARIABLE = YES;
				IPHONEOS_DEPLOYMENT_TARGET = 10.2;
				MTL_ENABLE_DEBUG_INFO = NO;
				SDKROOT = iphoneos;
				SWIFT_OPTIMIZATION_LEVEL = "-Owholemodule";
				VALIDATE_PRODUCT = YES;
			};
			name = Release;
		};
		95155F6F1E67CE0F0011B710 /* Debug */ = {
			isa = XCBuildConfiguration;
			buildSettings = {
				ASSETCATALOG_COMPILER_APPICON_NAME = AppIcon;
				DEVELOPMENT_TEAM = D9N4CTZPJN;
				INFOPLIST_FILE = TipCalculator/Info.plist;
				LD_RUNPATH_SEARCH_PATHS = "$(inherited) @executable_path/Frameworks";
				PRODUCT_BUNDLE_IDENTIFIER = com.tdang.TipCalculator;
				PRODUCT_NAME = "$(TARGET_NAME)";
				SWIFT_VERSION = 3.0;
			};
			name = Debug;
		};
		95155F701E67CE0F0011B710 /* Release */ = {
			isa = XCBuildConfiguration;
			buildSettings = {
				ASSETCATALOG_COMPILER_APPICON_NAME = AppIcon;
				DEVELOPMENT_TEAM = D9N4CTZPJN;
				INFOPLIST_FILE = TipCalculator/Info.plist;
				LD_RUNPATH_SEARCH_PATHS = "$(inherited) @executable_path/Frameworks";
				PRODUCT_BUNDLE_IDENTIFIER = com.tdang.TipCalculator;
				PRODUCT_NAME = "$(TARGET_NAME)";
				SWIFT_VERSION = 3.0;
			};
			name = Release;
		};
		95155F721E67CE0F0011B710 /* Debug */ = {
			isa = XCBuildConfiguration;
			buildSettings = {
				ALWAYS_EMBED_SWIFT_STANDARD_LIBRARIES = YES;
				BUNDLE_LOADER = "$(TEST_HOST)";
				DEVELOPMENT_TEAM = D9N4CTZPJN;
				INFOPLIST_FILE = TipCalculatorTests/Info.plist;
				LD_RUNPATH_SEARCH_PATHS = "$(inherited) @executable_path/Frameworks @loader_path/Frameworks";
				PRODUCT_BUNDLE_IDENTIFIER = com.tdang.TipCalculatorTests;
				PRODUCT_NAME = "$(TARGET_NAME)";
				SWIFT_VERSION = 3.0;
				TEST_HOST = "$(BUILT_PRODUCTS_DIR)/TipCalculator.app/TipCalculator";
			};
			name = Debug;
		};
		95155F731E67CE0F0011B710 /* Release */ = {
			isa = XCBuildConfiguration;
			buildSettings = {
				ALWAYS_EMBED_SWIFT_STANDARD_LIBRARIES = YES;
				BUNDLE_LOADER = "$(TEST_HOST)";
				DEVELOPMENT_TEAM = D9N4CTZPJN;
				INFOPLIST_FILE = TipCalculatorTests/Info.plist;
				LD_RUNPATH_SEARCH_PATHS = "$(inherited) @executable_path/Frameworks @loader_path/Frameworks";
				PRODUCT_BUNDLE_IDENTIFIER = com.tdang.TipCalculatorTests;
				PRODUCT_NAME = "$(TARGET_NAME)";
				SWIFT_VERSION = 3.0;
				TEST_HOST = "$(BUILT_PRODUCTS_DIR)/TipCalculator.app/TipCalculator";
			};
			name = Release;
		};
		95155F751E67CE0F0011B710 /* Debug */ = {
			isa = XCBuildConfiguration;
			buildSettings = {
				ALWAYS_EMBED_SWIFT_STANDARD_LIBRARIES = YES;
				DEVELOPMENT_TEAM = D9N4CTZPJN;
				INFOPLIST_FILE = TipCalculatorUITests/Info.plist;
				LD_RUNPATH_SEARCH_PATHS = "$(inherited) @executable_path/Frameworks @loader_path/Frameworks";
				PRODUCT_BUNDLE_IDENTIFIER = com.tdang.TipCalculatorUITests;
				PRODUCT_NAME = "$(TARGET_NAME)";
				SWIFT_VERSION = 3.0;
				TEST_TARGET_NAME = TipCalculator;
			};
			name = Debug;
		};
		95155F761E67CE0F0011B710 /* Release */ = {
			isa = XCBuildConfiguration;
			buildSettings = {
				ALWAYS_EMBED_SWIFT_STANDARD_LIBRARIES = YES;
				DEVELOPMENT_TEAM = D9N4CTZPJN;
				INFOPLIST_FILE = TipCalculatorUITests/Info.plist;
				LD_RUNPATH_SEARCH_PATHS = "$(inherited) @executable_path/Frameworks @loader_path/Frameworks";
				PRODUCT_BUNDLE_IDENTIFIER = com.tdang.TipCalculatorUITests;
				PRODUCT_NAME = "$(TARGET_NAME)";
				SWIFT_VERSION = 3.0;
				TEST_TARGET_NAME = TipCalculator;
			};
			name = Release;
		};
/* End XCBuildConfiguration section */

/* Begin XCConfigurationList section */
		95155F411E67CE0F0011B710 /* Build configuration list for PBXProject "TipCalculator" */ = {
			isa = XCConfigurationList;
			buildConfigurations = (
				95155F6C1E67CE0F0011B710 /* Debug */,
				95155F6D1E67CE0F0011B710 /* Release */,
			);
			defaultConfigurationIsVisible = 0;
			defaultConfigurationName = Release;
		};
		95155F6E1E67CE0F0011B710 /* Build configuration list for PBXNativeTarget "TipCalculator" */ = {
			isa = XCConfigurationList;
			buildConfigurations = (
				95155F6F1E67CE0F0011B710 /* Debug */,
				95155F701E67CE0F0011B710 /* Release */,
			);
			defaultConfigurationIsVisible = 0;
		};
		95155F711E67CE0F0011B710 /* Build configuration list for PBXNativeTarget "TipCalculatorTests" */ = {
			isa = XCConfigurationList;
			buildConfigurations = (
				95155F721E67CE0F0011B710 /* Debug */,
				95155F731E67CE0F0011B710 /* Release */,
			);
			defaultConfigurationIsVisible = 0;
		};
		95155F741E67CE0F0011B710 /* Build configuration list for PBXNativeTarget "TipCalculatorUITests" */ = {
			isa = XCConfigurationList;
			buildConfigurations = (
				95155F751E67CE0F0011B710 /* Debug */,
				95155F761E67CE0F0011B710 /* Release */,
			);
			defaultConfigurationIsVisible = 0;
		};
/* End XCConfigurationList section */
	};
	rootObject = 95155F3E1E67CE0F0011B710 /* Project object */;
}
